{
	"name": "uni-admin 基础框架（原名 uniCloud admin）",
	"version": "2.3.11",
	"lockfileVersion": 3,
	"requires": true,
	"packages": {
		"": {
			"name": "uni-admin 基础框架（原名 uniCloud admin）",
			"version": "2.3.11",
			"license": "MIT",
			"dependencies": {
				"wangeditor": "^4.7.15"
			},
			"engines": {
				"HBuilderX": "^3.6.0"
			}
		},
		"node_modules/@babel/runtime": {
			"version": "7.22.10",
			"resolved": "https://registry.npmjs.org/@babel/runtime/-/runtime-7.22.10.tgz",
			"integrity": "sha512-21t/fkKLMZI4pqP2wlmsQAWnYW1PDyKyyUV4vCi+B25ydmdaYTKXPwCj0BzSUnZf4seIiYvSA3jcZ3gdsMFkLQ==",
			"dependencies": {
				"regenerator-runtime": "^0.14.0"
			},
			"engines": {
				"node": ">=6.9.0"
			}
		},
		"node_modules/@babel/runtime-corejs3": {
			"version": "7.22.10",
			"resolved": "https://registry.npmjs.org/@babel/runtime-corejs3/-/runtime-corejs3-7.22.10.tgz",
			"integrity": "sha512-IcixfV2Jl3UrqZX4c81+7lVg5++2ufYJyAFW3Aux/ZTvY6LVYYhJ9rMgnbX0zGVq6eqfVpnoatTjZdVki/GmWA==",
			"dependencies": {
				"core-js-pure": "^3.30.2",
				"regenerator-runtime": "^0.14.0"
			},
			"engines": {
				"node": ">=6.9.0"
			}
		},
		"node_modules/core-js-pure": {
			"version": "3.32.0",
			"resolved": "https://registry.npmjs.org/core-js-pure/-/core-js-pure-3.32.0.tgz",
			"integrity": "sha512-qsev1H+dTNYpDUEURRuOXMvpdtAnNEvQWS/FMJ2Vb5AY8ZP4rAPQldkE27joykZPJTe0+IVgHZYh1P5Xu1/i1g==",
			"hasInstallScript": true,
			"funding": {
				"type": "opencollective",
				"url": "https://opencollective.com/core-js"
			}
		},
		"node_modules/regenerator-runtime": {
			"version": "0.14.0",
			"resolved": "https://registry.npmjs.org/regenerator-runtime/-/regenerator-runtime-0.14.0.tgz",
			"integrity": "sha512-srw17NI0TUWHuGa5CFGGmhfNIeja30WMBfbslPNhf6JrqQlLN5gcrvig1oqPxiVaXb0oW0XRKtH6Nngs5lKCIA=="
		},
		"node_modules/tslib": {
			"version": "2.6.1",
			"resolved": "https://registry.npmjs.org/tslib/-/tslib-2.6.1.tgz",
			"integrity": "sha512-t0hLfiEKfMUoqhG+U1oid7Pva4bbDPHYfJNiB7BiIjRkj1pyC++4N3huJfqY6aRH6VTB0rvtzQwjM4K6qpfOig=="
		},
		"node_modules/wangeditor": {
			"version": "4.7.15",
			"resolved": "https://registry.npmjs.org/wangeditor/-/wangeditor-4.7.15.tgz",
			"integrity": "sha512-aPTdREd8BxXVyJ5MI+LU83FQ7u1EPd341iXIorRNYSOvoimNoZ4nPg+yn3FGbB93/owEa6buLw8wdhYnMCJQLg==",
			"dependencies": {
				"@babel/runtime": "^7.11.2",
				"@babel/runtime-corejs3": "^7.11.2",
				"tslib": "^2.1.0"
			}
		}
	}
}
